
Microsoft Visual Studio Solution File, Format Version 12.00
# Visual Studio Version 17
VisualStudioVersion = 17.11.35222.181
MinimumVisualStudioVersion = 10.0.40219.1
Project("{9A19103F-16F7-4668-BE54-9A1E7A4F7556}") = "RouteService.Domain", "src\RouteService.Domain\RouteService.Domain.csproj", "{A1B2C3D4-E5F6-7890-ABCD-EF1234567890}"
EndProject
Project("{9A19103F-16F7-4668-BE54-9A1E7A4F7556}") = "RouteService.Application", "src\RouteService.Application\RouteService.Application.csproj", "{B1C2D3E4-F5A6-7890-BCDE-FA1234567890}"
EndProject
Project("{9A19103F-16F7-4668-BE54-9A1E7A4F7556}") = "RouteService.Infrastructure", "src\RouteService.Infrastructure\RouteService.Infrastructure.csproj", "{C1D2E3F4-A5B6-7890-CDEF-AB1234567890}"
EndProject
Project("{9A19103F-16F7-4668-BE54-9A1E7A4F7556}") = "RouteService.Api", "src\RouteService.Api\RouteService.Api.csproj", "{D1E2F3A4-B5C6-7890-DEF0-BC1234567890}"
EndProject
Project("{9A19103F-16F7-4668-BE54-9A1E7A4F7556}") = "RouteService.UnitTests", "tests\RouteService.UnitTests\RouteService.UnitTests.csproj", "{E1F2A3B4-C5D6-7890-EF01-CD1234567890}"
EndProject
Project("{9A19103F-16F7-4668-BE54-9A1E7A4F7556}") = "RouteService.IntegrationTests", "tests\RouteService.IntegrationTests\RouteService.IntegrationTests.csproj", "{F1A2B3C4-D5E6-7890-FE01-DE1234567890}"
EndProject
Project("{FAE04EC0-301F-11D3-BF4B-00C04F79EFBC}") = "Platform.Contracts", "..\..\shared\contracts\Platform.Contracts.csproj", "{F562EA97-EE2F-4199-82C6-8678CF497C7B}"
EndProject
Project("{FAE04EC0-301F-11D3-BF4B-00C04F79EFBC}") = "Platform.SharedKernel", "..\..\shared\shared-kernel\Platform.SharedKernel.csproj", "{0D76F6C1-813A-438A-9518-2190B434681B}"
EndProject
Global
	GlobalSection(SolutionConfigurationPlatforms) = preSolution
		Debug|Any CPU = Debug|Any CPU
		Debug|x64 = Debug|x64
		Debug|x86 = Debug|x86
		Release|Any CPU = Release|Any CPU
		Release|x64 = Release|x64
		Release|x86 = Release|x86
	EndGlobalSection
	GlobalSection(ProjectConfigurationPlatforms) = postSolution
		{A1B2C3D4-E5F6-7890-ABCD-EF1234567890}.Debug|Any CPU.ActiveCfg = Debug|Any CPU
		{A1B2C3D4-E5F6-7890-ABCD-EF1234567890}.Debug|Any CPU.Build.0 = Debug|Any CPU
		{A1B2C3D4-E5F6-7890-ABCD-EF1234567890}.Debug|x64.ActiveCfg = Debug|Any CPU
		{A1B2C3D4-E5F6-7890-ABCD-EF1234567890}.Debug|x64.Build.0 = Debug|Any CPU
		{A1B2C3D4-E5F6-7890-ABCD-EF1234567890}.Debug|x86.ActiveCfg = Debug|Any CPU
		{A1B2C3D4-E5F6-7890-ABCD-EF1234567890}.Debug|x86.Build.0 = Debug|Any CPU
		{A1B2C3D4-E5F6-7890-ABCD-EF1234567890}.Release|Any CPU.ActiveCfg = Release|Any CPU
		{A1B2C3D4-E5F6-7890-ABCD-EF1234567890}.Release|Any CPU.Build.0 = Release|Any CPU
		{A1B2C3D4-E5F6-7890-ABCD-EF1234567890}.Release|x64.ActiveCfg = Release|Any CPU
		{A1B2C3D4-E5F6-7890-ABCD-EF1234567890}.Release|x64.Build.0 = Release|Any CPU
		{A1B2C3D4-E5F6-7890-ABCD-EF1234567890}.Release|x86.ActiveCfg = Release|Any CPU
		{A1B2C3D4-E5F6-7890-ABCD-EF1234567890}.Release|x86.Build.0 = Release|Any CPU
		{B1C2D3E4-F5A6-7890-BCDE-FA1234567890}.Debug|Any CPU.ActiveCfg = Debug|Any CPU
		{B1C2D3E4-F5A6-7890-BCDE-FA1234567890}.Debug|Any CPU.Build.0 = Debug|Any CPU
		{B1C2D3E4-F5A6-7890-BCDE-FA1234567890}.Debug|x64.ActiveCfg = Debug|Any CPU
		{B1C2D3E4-F5A6-7890-BCDE-FA1234567890}.Debug|x64.Build.0 = Debug|Any CPU
		{B1C2D3E4-F5A6-7890-BCDE-FA1234567890}.Debug|x86.ActiveCfg = Debug|Any CPU
		{B1C2D3E4-F5A6-7890-BCDE-FA1234567890}.Debug|x86.Build.0 = Debug|Any CPU
		{B1C2D3E4-F5A6-7890-BCDE-FA1234567890}.Release|Any CPU.ActiveCfg = Release|Any CPU
		{B1C2D3E4-F5A6-7890-BCDE-FA1234567890}.Release|Any CPU.Build.0 = Release|Any CPU
		{B1C2D3E4-F5A6-7890-BCDE-FA1234567890}.Release|x64.ActiveCfg = Release|Any CPU
		{B1C2D3E4-F5A6-7890-BCDE-FA1234567890}.Release|x64.Build.0 = Release|Any CPU
		{B1C2D3E4-F5A6-7890-BCDE-FA1234567890}.Release|x86.ActiveCfg = Release|Any CPU
		{B1C2D3E4-F5A6-7890-BCDE-FA1234567890}.Release|x86.Build.0 = Release|Any CPU
		{C1D2E3F4-A5B6-7890-CDEF-AB1234567890}.Debug|Any CPU.ActiveCfg = Debug|Any CPU
		{C1D2E3F4-A5B6-7890-CDEF-AB1234567890}.Debug|Any CPU.Build.0 = Debug|Any CPU
		{C1D2E3F4-A5B6-7890-CDEF-AB1234567890}.Debug|x64.ActiveCfg = Debug|Any CPU
		{C1D2E3F4-A5B6-7890-CDEF-AB1234567890}.Debug|x64.Build.0 = Debug|Any CPU
		{C1D2E3F4-A5B6-7890-CDEF-AB1234567890}.Debug|x86.ActiveCfg = Debug|Any CPU
		{C1D2E3F4-A5B6-7890-CDEF-AB1234567890}.Debug|x86.Build.0 = Debug|Any CPU
		{C1D2E3F4-A5B6-7890-CDEF-AB1234567890}.Release|Any CPU.ActiveCfg = Release|Any CPU
		{C1D2E3F4-A5B6-7890-CDEF-AB1234567890}.Release|Any CPU.Build.0 = Release|Any CPU
		{C1D2E3F4-A5B6-7890-CDEF-AB1234567890}.Release|x64.ActiveCfg = Release|Any CPU
		{C1D2E3F4-A5B6-7890-CDEF-AB1234567890}.Release|x64.Build.0 = Release|Any CPU
		{C1D2E3F4-A5B6-7890-CDEF-AB1234567890}.Release|x86.ActiveCfg = Release|Any CPU
		{C1D2E3F4-A5B6-7890-CDEF-AB1234567890}.Release|x86.Build.0 = Release|Any CPU
		{D1E2F3A4-B5C6-7890-DEF0-BC1234567890}.Debug|Any CPU.ActiveCfg = Debug|Any CPU
		{D1E2F3A4-B5C6-7890-DEF0-BC1234567890}.Debug|Any CPU.Build.0 = Debug|Any CPU
		{D1E2F3A4-B5C6-7890-DEF0-BC1234567890}.Debug|x64.ActiveCfg = Debug|Any CPU
		{D1E2F3A4-B5C6-7890-DEF0-BC1234567890}.Debug|x64.Build.0 = Debug|Any CPU
		{D1E2F3A4-B5C6-7890-DEF0-BC1234567890}.Debug|x86.ActiveCfg = Debug|Any CPU
		{D1E2F3A4-B5C6-7890-DEF0-BC1234567890}.Debug|x86.Build.0 = Debug|Any CPU
		{D1E2F3A4-B5C6-7890-DEF0-BC1234567890}.Release|Any CPU.ActiveCfg = Release|Any CPU
		{D1E2F3A4-B5C6-7890-DEF0-BC1234567890}.Release|Any CPU.Build.0 = Release|Any CPU
		{D1E2F3A4-B5C6-7890-DEF0-BC1234567890}.Release|x64.ActiveCfg = Release|Any CPU
		{D1E2F3A4-B5C6-7890-DEF0-BC1234567890}.Release|x64.Build.0 = Release|Any CPU
		{D1E2F3A4-B5C6-7890-DEF0-BC1234567890}.Release|x86.ActiveCfg = Release|Any CPU
		{D1E2F3A4-B5C6-7890-DEF0-BC1234567890}.Release|x86.Build.0 = Release|Any CPU
		{E1F2A3B4-C5D6-7890-EF01-CD1234567890}.Debug|Any CPU.ActiveCfg = Debug|Any CPU
		{E1F2A3B4-C5D6-7890-EF01-CD1234567890}.Debug|Any CPU.Build.0 = Debug|Any CPU
		{E1F2A3B4-C5D6-7890-EF01-CD1234567890}.Debug|x64.ActiveCfg = Debug|Any CPU
		{E1F2A3B4-C5D6-7890-EF01-CD1234567890}.Debug|x64.Build.0 = Debug|Any CPU
		{E1F2A3B4-C5D6-7890-EF01-CD1234567890}.Debug|x86.ActiveCfg = Debug|Any CPU
		{E1F2A3B4-C5D6-7890-EF01-CD1234567890}.Debug|x86.Build.0 = Debug|Any CPU
		{E1F2A3B4-C5D6-7890-EF01-CD1234567890}.Release|Any CPU.ActiveCfg = Release|Any CPU
		{E1F2A3B4-C5D6-7890-EF01-CD1234567890}.Release|Any CPU.Build.0 = Release|Any CPU
		{E1F2A3B4-C5D6-7890-EF01-CD1234567890}.Release|x64.ActiveCfg = Release|Any CPU
		{E1F2A3B4-C5D6-7890-EF01-CD1234567890}.Release|x64.Build.0 = Release|Any CPU
		{E1F2A3B4-C5D6-7890-EF01-CD1234567890}.Release|x86.ActiveCfg = Release|Any CPU
		{E1F2A3B4-C5D6-7890-EF01-CD1234567890}.Release|x86.Build.0 = Release|Any CPU
		{F1A2B3C4-D5E6-7890-FE01-DE1234567890}.Debug|Any CPU.ActiveCfg = Debug|Any CPU
		{F1A2B3C4-D5E6-7890-FE01-DE1234567890}.Debug|Any CPU.Build.0 = Debug|Any CPU
		{F1A2B3C4-D5E6-7890-FE01-DE1234567890}.Debug|x64.ActiveCfg = Debug|Any CPU
		{F1A2B3C4-D5E6-7890-FE01-DE1234567890}.Debug|x64.Build.0 = Debug|Any CPU
		{F1A2B3C4-D5E6-7890-FE01-DE1234567890}.Debug|x86.ActiveCfg = Debug|Any CPU
		{F1A2B3C4-D5E6-7890-FE01-DE1234567890}.Debug|x86.Build.0 = Debug|Any CPU
		{F1A2B3C4-D5E6-7890-FE01-DE1234567890}.Release|Any CPU.ActiveCfg = Release|Any CPU
		{F1A2B3C4-D5E6-7890-FE01-DE1234567890}.Release|Any CPU.Build.0 = Release|Any CPU
		{F1A2B3C4-D5E6-7890-FE01-DE1234567890}.Release|x64.ActiveCfg = Release|Any CPU
		{F1A2B3C4-D5E6-7890-FE01-DE1234567890}.Release|x64.Build.0 = Release|Any CPU
		{F1A2B3C4-D5E6-7890-FE01-DE1234567890}.Release|x86.ActiveCfg = Release|Any CPU
		{F1A2B3C4-D5E6-7890-FE01-DE1234567890}.Release|x86.Build.0 = Release|Any CPU
		{F562EA97-EE2F-4199-82C6-8678CF497C7B}.Debug|Any CPU.ActiveCfg = Debug|Any CPU
		{F562EA97-EE2F-4199-82C6-8678CF497C7B}.Debug|Any CPU.Build.0 = Debug|Any CPU
		{F562EA97-EE2F-4199-82C6-8678CF497C7B}.Debug|x64.ActiveCfg = Debug|Any CPU
		{F562EA97-EE2F-4199-82C6-8678CF497C7B}.Debug|x64.Build.0 = Debug|Any CPU
		{F562EA97-EE2F-4199-82C6-8678CF497C7B}.Debug|x86.ActiveCfg = Debug|Any CPU
		{F562EA97-EE2F-4199-82C6-8678CF497C7B}.Debug|x86.Build.0 = Debug|Any CPU
		{F562EA97-EE2F-4199-82C6-8678CF497C7B}.Release|Any CPU.ActiveCfg = Release|Any CPU
		{F562EA97-EE2F-4199-82C6-8678CF497C7B}.Release|Any CPU.Build.0 = Release|Any CPU
		{F562EA97-EE2F-4199-82C6-8678CF497C7B}.Release|x64.ActiveCfg = Release|Any CPU
		{F562EA97-EE2F-4199-82C6-8678CF497C7B}.Release|x64.Build.0 = Release|Any CPU
		{F562EA97-EE2F-4199-82C6-8678CF497C7B}.Release|x86.ActiveCfg = Release|Any CPU
		{F562EA97-EE2F-4199-82C6-8678CF497C7B}.Release|x86.Build.0 = Release|Any CPU
		{0D76F6C1-813A-438A-9518-2190B434681B}.Debug|Any CPU.ActiveCfg = Debug|Any CPU
		{0D76F6C1-813A-438A-9518-2190B434681B}.Debug|Any CPU.Build.0 = Debug|Any CPU
		{0D76F6C1-813A-438A-9518-2190B434681B}.Debug|x64.ActiveCfg = Debug|Any CPU
		{0D76F6C1-813A-438A-9518-2190B434681B}.Debug|x64.Build.0 = Debug|Any CPU
		{0D76F6C1-813A-438A-9518-2190B434681B}.Debug|x86.ActiveCfg = Debug|Any CPU
		{0D76F6C1-813A-438A-9518-2190B434681B}.Debug|x86.Build.0 = Debug|Any CPU
		{0D76F6C1-813A-438A-9518-2190B434681B}.Release|Any CPU.ActiveCfg = Release|Any CPU
		{0D76F6C1-813A-438A-9518-2190B434681B}.Release|Any CPU.Build.0 = Release|Any CPU
		{0D76F6C1-813A-438A-9518-2190B434681B}.Release|x64.ActiveCfg = Release|Any CPU
		{0D76F6C1-813A-438A-9518-2190B434681B}.Release|x64.Build.0 = Release|Any CPU
		{0D76F6C1-813A-438A-9518-2190B434681B}.Release|x86.ActiveCfg = Release|Any CPU
		{0D76F6C1-813A-438A-9518-2190B434681B}.Release|x86.Build.0 = Release|Any CPU
	EndGlobalSection
	GlobalSection(SolutionProperties) = preSolution
		HideSolutionNode = FALSE
	EndGlobalSection
EndGlobal
